Microsoft Visual Studio Solution File, Format Version 12.00
# Visual Studio 2012
Project("{FAE04EC0-301F-11D3-BF4B-00C04F79EFBC}") = "Test Tank C#", "Test Tank C#.csproj", "{D8A4BC9F-4CBB-452D-B130-0C2B60E0CA52}"
EndProject
Global
	GlobalSection(SolutionConfigurationPlatforms) = preSolution
	Debug|Any CPU = Debug|Any CPU
	Release|Any CPU = Release|Any CPU
	Tools|Any CPU = Tools|Any CPU
	EndGlobalSection
	GlobalSection(ProjectConfigurationPlatforms) = postSolution
		{D8A4BC9F-4CBB-452D-B130-0C2B60E0CA52}.Debug|Any CPU.ActiveCfg = Debug|Any CPU
		{D8A4BC9F-4CBB-452D-B130-0C2B60E0CA52}.Debug|Any CPU.Build.0 = Debug|Any CPU
		{D8A4BC9F-4CBB-452D-B130-0C2B60E0CA52}.Release|Any CPU.ActiveCfg = Release|Any CPU
		{D8A4BC9F-4CBB-452D-B130-0C2B60E0CA52}.Release|Any CPU.Build.0 = Release|Any CPU
		{D8A4BC9F-4CBB-452D-B130-0C2B60E0CA52}.Tools|Any CPU.ActiveCfg = Tools|Any CPU
		{D8A4BC9F-4CBB-452D-B130-0C2B60E0CA52}.Tools|Any CPU.Build.0 = Tools|Any CPU
	EndGlobalSection
EndGlobal
